// !$*UTF8*$!
{
	archiveVersion = 1;
	classes = {
	};
	objectVersion = 56;
	objects = {

/* Begin PBXBuildFile section */
		641474192B052E4C00F6D115 /* AppDelegate.m in Sources */ = {isa = PBXBuildFile; fileRef = 641474182B052E4C00F6D115 /* AppDelegate.m */; };
		6414741C2B052E4C00F6D115 /* SceneDelegate.m in Sources */ = {isa = PBXBuildFile; fileRef = 6414741B2B052E4C00F6D115 /* SceneDelegate.m */; };
		6414741F2B052E4C00F6D115 /* ViewController.mm in Sources */ = {isa = PBXBuildFile; fileRef = 6414741E2B052E4C00F6D115 /* ViewController.mm */; };
		641474222B052E4C00F6D115 /* Main.storyboard in Resources */ = {isa = PBXBuildFile; fileRef = 641474202B052E4C00F6D115 /* Main.storyboard */; };
		641474242B052E4D00F6D115 /* Assets.xcassets in Resources */ = {isa = PBXBuildFile; fileRef = 641474232B052E4D00F6D115 /* Assets.xcassets */; };
		641474272B052E4D00F6D115 /* LaunchScreen.storyboard in Resources */ = {isa = PBXBuildFile; fileRef = 641474252B052E4D00F6D115 /* LaunchScreen.storyboard */; };
		6414742A2B052E4D00F6D115 /* main.m in Sources */ = {isa = PBXBuildFile; fileRef = 641474292B052E4D00F6D115 /* main.m */; };
		641474322B052F4100F6D115 /* jai_ios_library.a in Frameworks */ = {isa = PBXBuildFile; fileRef = 641474312B052F4100F6D115 /* jai_ios_library.a */; };
/* End PBXBuildFile section */

/* Begin PBXFileReference section */
		641474142B052E4C00F6D115 /* Jai iOS Example.app */ = {isa = PBXFileReference; explicitFileType = wrapper.application; includeInIndex = 0; path = "Jai iOS Example.app"; sourceTree = BUILT_PRODUCTS_DIR; };
		641474172B052E4C00F6D115 /* AppDelegate.h */ = {isa = PBXFileReference; lastKnownFileType = sourcecode.c.h; path = AppDelegate.h; sourceTree = "<group>"; };
		641474182B052E4C00F6D115 /* AppDelegate.m */ = {isa = PBXFileReference; lastKnownFileType = sourcecode.c.objc; path = AppDelegate.m; sourceTree = "<group>"; };
		6414741A2B052E4C00F6D115 /* SceneDelegate.h */ = {isa = PBXFileReference; lastKnownFileType = sourcecode.c.h; path = SceneDelegate.h; sourceTree = "<group>"; };
		6414741B2B052E4C00F6D115 /* SceneDelegate.m */ = {isa = PBXFileReference; lastKnownFileType = sourcecode.c.objc; path = SceneDelegate.m; sourceTree = "<group>"; };
		6414741D2B052E4C00F6D115 /* ViewController.h */ = {isa = PBXFileReference; lastKnownFileType = sourcecode.c.h; path = ViewController.h; sourceTree = "<group>"; };
		6414741E2B052E4C00F6D115 /* ViewController.mm */ = {isa = PBXFileReference; lastKnownFileType = sourcecode.cpp.objcpp; path = ViewController.mm; sourceTree = "<group>"; };
		641474212B052E4C00F6D115 /* Base */ = {isa = PBXFileReference; lastKnownFileType = file.storyboard; name = Base; path = Base.lproj/Main.storyboard; sourceTree = "<group>"; };
		641474232B052E4D00F6D115 /* Assets.xcassets */ = {isa = PBXFileReference; lastKnownFileType = folder.assetcatalog; path = Assets.xcassets; sourceTree = "<group>"; };
		641474262B052E4D00F6D115 /* Base */ = {isa = PBXFileReference; lastKnownFileType = file.storyboard; name = Base; path = Base.lproj/LaunchScreen.storyboard; sourceTree = "<group>"; };
		641474282B052E4D00F6D115 /* Info.plist */ = {isa = PBXFileReference; lastKnownFileType = text.plist.xml; path = Info.plist; sourceTree = "<group>"; };
		641474292B052E4D00F6D115 /* main.m */ = {isa = PBXFileReference; lastKnownFileType = sourcecode.c.objc; path = main.m; sourceTree = "<group>"; };
		641474312B052F4100F6D115 /* jai_ios_library.a */ = {isa = PBXFileReference; lastKnownFileType = archive.ar; path = jai_ios_library.a; sourceTree = "<group>"; };
/* End PBXFileReference section */

/* Begin PBXFrameworksBuildPhase section */
		641474112B052E4C00F6D115 /* Frameworks */ = {
			isa = PBXFrameworksBuildPhase;
			buildActionMask = 2147483647;
			files = (
				641474322B052F4100F6D115 /* jai_ios_library.a in Frameworks */,
			);
			runOnlyForDeploymentPostprocessing = 0;
		};
/* End PBXFrameworksBuildPhase section */

/* Begin PBXGroup section */
		6414740B2B052E4C00F6D115 = {
			isa = PBXGroup;
			children = (
				641474162B052E4C00F6D115 /* Jai iOS Example */,
				641474152B052E4C00F6D115 /* Products */,
				641474302B052F4100F6D115 /* Frameworks */,
			);
			sourceTree = "<group>";
		};
		641474152B052E4C00F6D115 /* Products */ = {
			isa = PBXGroup;
			children = (
				641474142B052E4C00F6D115 /* Jai iOS Example.app */,
			);
			name = Products;
			sourceTree = "<group>";
		};
		641474162B052E4C00F6D115 /* Jai iOS Example */ = {
			isa = PBXGroup;
			children = (
				641474172B052E4C00F6D115 /* AppDelegate.h */,
				641474182B052E4C00F6D115 /* AppDelegate.m */,
				6414741A2B052E4C00F6D115 /* SceneDelegate.h */,
				6414741B2B052E4C00F6D115 /* SceneDelegate.m */,
				6414741D2B052E4C00F6D115 /* ViewController.h */,
				6414741E2B052E4C00F6D115 /* ViewController.mm */,
				641474202B052E4C00F6D115 /* Main.storyboard */,
				641474232B052E4D00F6D115 /* Assets.xcassets */,
				641474252B052E4D00F6D115 /* LaunchScreen.storyboard */,
				641474282B052E4D00F6D115 /* Info.plist */,
				641474292B052E4D00F6D115 /* main.m */,
			);
			path = "Jai iOS Example";
			sourceTree = "<group>";
		};
		641474302B052F4100F6D115 /* Frameworks */ = {
			isa = PBXGroup;
			children = (
				641474312B052F4100F6D115 /* jai_ios_library.a */,
			);
			name = Frameworks;
			sourceTree = "<group>";
		};
/* End PBXGroup section */

/* Begin PBXNativeTarget section */
		641474132B052E4C00F6D115 /* Jai iOS Example */ = {
			isa = PBXNativeTarget;
			buildConfigurationList = 6414742D2B052E4D00F6D115 /* Build configuration list for PBXNativeTarget "Jai iOS Example" */;
			buildPhases = (
				641474102B052E4C00F6D115 /* Sources */,
				641474112B052E4C00F6D115 /* Frameworks */,
				641474122B052E4C00F6D115 /* Resources */,
			);
			buildRules = (
			);
			dependencies = (
			);
			name = "Jai iOS Example";
			productName = "Jai iOS Example";
			productReference = 641474142B052E4C00F6D115 /* Jai iOS Example.app */;
			productType = "com.apple.product-type.application";
		};
/* End PBXNativeTarget section */

/* Begin PBXProject section */
		6414740C2B052E4C00F6D115 /* Project object */ = {
			isa = PBXProject;
			attributes = {
				BuildIndependentTargetsInParallel = 1;
				LastUpgradeCheck = 1420;
				TargetAttributes = {
					641474132B052E4C00F6D115 = {
						CreatedOnToolsVersion = 14.2;
					};
				};
			};
			buildConfigurationList = 6414740F2B052E4C00F6D115 /* Build configuration list for PBXProject "Jai iOS Example" */;
			compatibilityVersion = "Xcode 14.0";
			developmentRegion = en;
			hasScannedForEncodings = 0;
			knownRegions = (
				en,
				Base,
			);
			mainGroup = 6414740B2B052E4C00F6D115;
			productRefGroup = 641474152B052E4C00F6D115 /* Products */;
			projectDirPath = "";
			projectRoot = "";
			targets = (
				641474132B052E4C00F6D115 /* Jai iOS Example */,
			);
		};
/* End PBXProject section */

/* Begin PBXResourcesBuildPhase section */
		641474122B052E4C00F6D115 /* Resources */ = {
			isa = PBXResourcesBuildPhase;
			buildActionMask = 2147483647;
			files = (
				641474272B052E4D00F6D115 /* LaunchScreen.storyboard in Resources */,
				641474242B052E4D00F6D115 /* Assets.xcassets in Resources */,
				641474222B052E4C00F6D115 /* Main.storyboard in Resources */,
			);
			runOnlyForDeploymentPostprocessing = 0;
		};
/* End PBXResourcesBuildPhase section */

/* Begin PBXSourcesBuildPhase section */
		641474102B052E4C00F6D115 /* Sources */ = {
			isa = PBXSourcesBuildPhase;
			buildActionMask = 2147483647;
			files = (
				6414741F2B052E4C00F6D115 /* ViewController.mm in Sources */,
				641474192B052E4C00F6D115 /* AppDelegate.m in Sources */,
				6414742A2B052E4D00F6D115 /* main.m in Sources */,
				6414741C2B052E4C00F6D115 /* SceneDelegate.m in Sources */,
			);
			runOnlyForDeploymentPostprocessing = 0;
		};
/* End PBXSourcesBuildPhase section */

/* Begin PBXVariantGroup section */
		641474202B052E4C00F6D115 /* Main.storyboard */ = {
			isa = PBXVariantGroup;
			children = (
				641474212B052E4C00F6D115 /* Base */,
			);
			name = Main.storyboard;
			sourceTree = "<group>";
		};
		641474252B052E4D00F6D115 /* LaunchScreen.storyboard */ = {
			isa = PBXVariantGroup;
			children = (
				641474262B052E4D00F6D115 /* Base */,
			);
			name = LaunchScreen.storyboard;
			sourceTree = "<group>";
		};
/* End PBXVariantGroup section */

/* Begin XCBuildConfiguration section */
		6414742B2B052E4D00F6D115 /* Debug */ = {
			isa = XCBuildConfiguration;
			buildSettings = {
				ALWAYS_SEARCH_USER_PATHS = NO;
				CLANG_ANALYZER_NONNULL = YES;
				CLANG_ANALYZER_NUMBER_OBJECT_CONVERSION = YES_AGGRESSIVE;
				CLANG_CXX_LANGUAGE_STANDARD = "gnu++20";
				CLANG_ENABLE_MODULES = YES;
				CLANG_ENABLE_OBJC_ARC = YES;
				CLANG_ENABLE_OBJC_WEAK = YES;
				CLANG_WARN_BLOCK_CAPTURE_AUTORELEASING = YES;
				CLANG_WARN_BOOL_CONVERSION = YES;
				CLANG_WARN_COMMA = YES;
				CLANG_WARN_CONSTANT_CONVERSION = YES;
				CLANG_WARN_DEPRECATED_OBJC_IMPLEMENTATIONS = YES;
				CLANG_WARN_DIRECT_OBJC_ISA_USAGE = YES_ERROR;
				CLANG_WARN_DOCUMENTATION_COMMENTS = YES;
				CLANG_WARN_EMPTY_BODY = YES;
				CLANG_WARN_ENUM_CONVERSION = YES;
				CLANG_WARN_INFINITE_RECURSION = YES;
				CLANG_WARN_INT_CONVERSION = YES;
				CLANG_WARN_NON_LITERAL_NULL_CONVERSION = YES;
				CLANG_WARN_OBJC_IMPLICIT_RETAIN_SELF = YES;
				CLANG_WARN_OBJC_LITERAL_CONVERSION = YES;
				CLANG_WARN_OBJC_ROOT_CLASS = YES_ERROR;
				CLANG_WARN_QUOTED_INCLUDE_IN_FRAMEWORK_HEADER = YES;
				CLANG_WARN_RANGE_LOOP_ANALYSIS = YES;
				CLANG_WARN_STRICT_PROTOTYPES = YES;
				CLANG_WARN_SUSPICIOUS_MOVE = YES;
				CLANG_WARN_UNGUARDED_AVAILABILITY = YES_AGGRESSIVE;
				CLANG_WARN_UNREACHABLE_CODE = YES;
				CLANG_WARN__DUPLICATE_METHOD_MATCH = YES;
				COPY_PHASE_STRIP = NO;
				DEBUG_INFORMATION_FORMAT = dwarf;
				ENABLE_STRICT_OBJC_MSGSEND = YES;
				ENABLE_TESTABILITY = YES;
				GCC_C_LANGUAGE_STANDARD = gnu11;
				GCC_DYNAMIC_NO_PIC = NO;
				GCC_NO_COMMON_BLOCKS = YES;
				GCC_OPTIMIZATION_LEVEL = 0;
				GCC_PREPROCESSOR_DEFINITIONS = (
					"DEBUG=1",
					"$(inherited)",
				);
				GCC_WARN_64_TO_32_BIT_CONVERSION = YES;
				GCC_WARN_ABOUT_RETURN_TYPE = YES_ERROR;
				GCC_WARN_UNDECLARED_SELECTOR = YES;
				GCC_WARN_UNINITIALIZED_AUTOS = YES_AGGRESSIVE;
				GCC_WARN_UNUSED_FUNCTION = YES;
				GCC_WARN_UNUSED_VARIABLE = YES;
				IPHONEOS_DEPLOYMENT_TARGET = 16.2;
				MTL_ENABLE_DEBUG_INFO = INCLUDE_SOURCE;
				MTL_FAST_MATH = YES;
				ONLY_ACTIVE_ARCH = YES;
				SDKROOT = iphoneos;
			};
			name = Debug;
		};
		6414742C2B052E4D00F6D115 /* Release */ = {
			isa = XCBuildConfiguration;
			buildSettings = {
				ALWAYS_SEARCH_USER_PATHS = NO;
				CLANG_ANALYZER_NONNULL = YES;
				CLANG_ANALYZER_NUMBER_OBJECT_CONVERSION = YES_AGGRESSIVE;
				CLANG_CXX_LANGUAGE_STANDARD = "gnu++20";
				CLANG_ENABLE_MODULES = YES;
				CLANG_ENABLE_OBJC_ARC = YES;
				CLANG_ENABLE_OBJC_WEAK = YES;
				CLANG_WARN_BLOCK_CAPTURE_AUTORELEASING = YES;
				CLANG_WARN_BOOL_CONVERSION = YES;
				CLANG_WARN_COMMA = YES;
				CLANG_WARN_CONSTANT_CONVERSION = YES;
				CLANG_WARN_DEPRECATED_OBJC_IMPLEMENTATIONS = YES;
				CLANG_WARN_DIRECT_OBJC_ISA_USAGE = YES_ERROR;
				CLANG_WARN_DOCUMENTATION_COMMENTS = YES;
				CLANG_WARN_EMPTY_BODY = YES;
				CLANG_WARN_ENUM_CONVERSION = YES;
				CLANG_WARN_INFINITE_RECURSION = YES;
				CLANG_WARN_INT_CONVERSION = YES;
				CLANG_WARN_NON_LITERAL_NULL_CONVERSION = YES;
				CLANG_WARN_OBJC_IMPLICIT_RETAIN_SELF = YES;
				CLANG_WARN_OBJC_LITERAL_CONVERSION = YES;
				CLANG_WARN_OBJC_ROOT_CLASS = YES_ERROR;
				CLANG_WARN_QUOTED_INCLUDE_IN_FRAMEWORK_HEADER = YES;
				CLANG_WARN_RANGE_LOOP_ANALYSIS = YES;
				CLANG_WARN_STRICT_PROTOTYPES = YES;
				CLANG_WARN_SUSPICIOUS_MOVE = YES;
				CLANG_WARN_UNGUARDED_AVAILABILITY = YES_AGGRESSIVE;
				CLANG_WARN_UNREACHABLE_CODE = YES;
				CLANG_WARN__DUPLICATE_METHOD_MATCH = YES;
				COPY_PHASE_STRIP = NO;
				DEBUG_INFORMATION_FORMAT = "dwarf-with-dsym";
				ENABLE_NS_ASSERTIONS = NO;
				ENABLE_STRICT_OBJC_MSGSEND = YES;
				GCC_C_LANGUAGE_STANDARD = gnu11;
				GCC_NO_COMMON_BLOCKS = YES;
				GCC_WARN_64_TO_32_BIT_CONVERSION = YES;
				GCC_WARN_ABOUT_RETURN_TYPE = YES_ERROR;
				GCC_WARN_UNDECLARED_SELECTOR = YES;
				GCC_WARN_UNINITIALIZED_AUTOS = YES_AGGRESSIVE;
				GCC_WARN_UNUSED_FUNCTION = YES;
				GCC_WARN_UNUSED_VARIABLE = YES;
				IPHONEOS_DEPLOYMENT_TARGET = 16.2;
				MTL_ENABLE_DEBUG_INFO = NO;
				MTL_FAST_MATH = YES;
				SDKROOT = iphoneos;
				VALIDATE_PRODUCT = YES;
			};
			name = Release;
		};
		6414742E2B052E4D00F6D115 /* Debug */ = {
			isa = XCBuildConfiguration;
			buildSettings = {
				ASSETCATALOG_COMPILER_APPICON_NAME = AppIcon;
				ASSETCATALOG_COMPILER_GLOBAL_ACCENT_COLOR_NAME = AccentColor;
				CODE_SIGN_STYLE = Automatic;
				CURRENT_PROJECT_VERSION = 1;
				GENERATE_INFOPLIST_FILE = YES;
				INFOPLIST_FILE = "Jai iOS Example/Info.plist";
				INFOPLIST_KEY_UIApplicationSupportsIndirectInputEvents = YES;
				INFOPLIST_KEY_UILaunchStoryboardName = LaunchScreen;
				INFOPLIST_KEY_UIMainStoryboardFile = Main;
				INFOPLIST_KEY_UISupportedInterfaceOrientations_iPad = "UIInterfaceOrientationPortrait UIInterfaceOrientationPortraitUpsideDown UIInterfaceOrientationLandscapeLeft UIInterfaceOrientationLandscapeRight";
				INFOPLIST_KEY_UISupportedInterfaceOrientations_iPhone = "UIInterfaceOrientationPortrait UIInterfaceOrientationLandscapeLeft UIInterfaceOrientationLandscapeRight";
				LD_RUNPATH_SEARCH_PATHS = (
					"$(inherited)",
					"@executable_path/Frameworks",
				);
				LIBRARY_SEARCH_PATHS = (
					"$(inherited)",
					"$(PROJECT_DIR)",
				);
				MARKETING_VERSION = 1.0;
				PRODUCT_BUNDLE_IDENTIFIER = "jai.Jai-iOS-Example";
				PRODUCT_NAME = "$(TARGET_NAME)";
				SWIFT_EMIT_LOC_STRINGS = YES;
				TARGETED_DEVICE_FAMILY = "1,2";
			};
			name = Debug;
		};
		6414742F2B052E4D00F6D115 /* Release */ = {
			isa = XCBuildConfiguration;
			buildSettings = {
				ASSETCATALOG_COMPILER_APPICON_NAME = AppIcon;
				ASSETCATALOG_COMPILER_GLOBAL_ACCENT_COLOR_NAME = AccentColor;
				CODE_SIGN_STYLE = Automatic;
				CURRENT_PROJECT_VERSION = 1;
				GENERATE_INFOPLIST_FILE = YES;
				INFOPLIST_FILE = "Jai iOS Example/Info.plist";
				INFOPLIST_KEY_UIApplicationSupportsIndirectInputEvents = YES;
				INFOPLIST_KEY_UILaunchStoryboardName = LaunchScreen;
				INFOPLIST_KEY_UIMainStoryboardFile = Main;
				INFOPLIST_KEY_UISupportedInterfaceOrientations_iPad = "UIInterfaceOrientationPortrait UIInterfaceOrientationPortraitUpsideDown UIInterfaceOrientationLandscapeLeft UIInterfaceOrientationLandscapeRight";
				INFOPLIST_KEY_UISupportedInterfaceOrientations_iPhone = "UIInterfaceOrientationPortrait UIInterfaceOrientationLandscapeLeft UIInterfaceOrientationLandscapeRight";
				LD_RUNPATH_SEARCH_PATHS = (
					"$(inherited)",
					"@executable_path/Frameworks",
				);
				LIBRARY_SEARCH_PATHS = (
					"$(inherited)",
					"$(PROJECT_DIR)",
				);
				MARKETING_VERSION = 1.0;
				PRODUCT_BUNDLE_IDENTIFIER = "jai.Jai-iOS-Example";
				PRODUCT_NAME = "$(TARGET_NAME)";
				SWIFT_EMIT_LOC_STRINGS = YES;
				TARGETED_DEVICE_FAMILY = "1,2";
			};
			name = Release;
		};
/* End XCBuildConfiguration section */

/* Begin XCConfigurationList section */
		6414740F2B052E4C00F6D115 /* Build configuration list for PBXProject "Jai iOS Example" */ = {
			isa = XCConfigurationList;
			buildConfigurations = (
				6414742B2B052E4D00F6D115 /* Debug */,
				6414742C2B052E4D00F6D115 /* Release */,
			);
			defaultConfigurationIsVisible = 0;
			defaultConfigurationName = Release;
		};
		6414742D2B052E4D00F6D115 /* Build configuration list for PBXNativeTarget "Jai iOS Example" */ = {
			isa = XCConfigurationList;
			buildConfigurations = (
				6414742E2B052E4D00F6D115 /* Debug */,
				6414742F2B052E4D00F6D115 /* Release */,
			);
			defaultConfigurationIsVisible = 0;
			defaultConfigurationName = Release;
		};
/* End XCConfigurationList section */
	};
	rootObject = 6414740C2B052E4C00F6D115 /* Project object */;
}
